// !$*UTF8*$!
{
	archiveVersion = 1;
	classes = {
	};
	objectVersion = 50;
	objects = {

/* Begin PBXBuildFile section */
		3F1C149F23F0BAA500F5A319 /* AppDelegate.swift in Sources */ = {isa = PBXBuildFile; fileRef = 3F1C149E23F0BAA500F5A319 /* AppDelegate.swift */; };
		3F1C14A123F0BAA500F5A319 /* SceneDelegate.swift in Sources */ = {isa = PBXBuildFile; fileRef = 3F1C14A023F0BAA500F5A319 /* SceneDelegate.swift */; };
		3F1C14A323F0BAA500F5A319 /* ViewController.swift in Sources */ = {isa = PBXBuildFile; fileRef = 3F1C14A223F0BAA500F5A319 /* ViewController.swift */; };
		3F1C14A623F0BAA500F5A319 /* Main.storyboard in Resources */ = {isa = PBXBuildFile; fileRef = 3F1C14A423F0BAA500F5A319 /* Main.storyboard */; };
		3F1C14A823F0BAB300F5A319 /* Assets.xcassets in Resources */ = {isa = PBXBuildFile; fileRef = 3F1C14A723F0BAB300F5A319 /* Assets.xcassets */; };
		3F1C14AB23F0BAB300F5A319 /* LaunchScreen.storyboard in Resources */ = {isa = PBXBuildFile; fileRef = 3F1C14A923F0BAB300F5A319 /* LaunchScreen.storyboard */; };
		3F1C14C123F0BAB400F5A319 /* LuLouiseHW3UITests.swift in Sources */ = {isa = PBXBuildFile; fileRef = 3F1C14C023F0BAB400F5A319 /* LuLouiseHW3UITests.swift */; };
		3F1C14EF23F215B900F5A319 /* HW3AccessibilityIdentifiers.swift in Sources */ = {isa = PBXBuildFile; fileRef = 3F1C14EE23F215B900F5A319 /* HW3AccessibilityIdentifiers.swift */; };
		3F1C14F023F215B900F5A319 /* HW3AccessibilityIdentifiers.swift in Sources */ = {isa = PBXBuildFile; fileRef = 3F1C14EE23F215B900F5A319 /* HW3AccessibilityIdentifiers.swift */; };
		3F1C14F223F215C400F5A319 /* HW3SanityTest.swift in Sources */ = {isa = PBXBuildFile; fileRef = 3F1C14F123F215C400F5A319 /* HW3SanityTest.swift */; };
		3F1C14F723F21CE400F5A319 /* LuLouiseHW3Tests.swift in Sources */ = {isa = PBXBuildFile; fileRef = 3F1C14B523F0BAB400F5A319 /* LuLouiseHW3Tests.swift */; };
/* End PBXBuildFile section */

/* Begin PBXContainerItemProxy section */
		3F1C14B223F0BAB400F5A319 /* PBXContainerItemProxy */ = {
			isa = PBXContainerItemProxy;
			containerPortal = 3F1C149323F0BAA500F5A319 /* Project object */;
			proxyType = 1;
			remoteGlobalIDString = 3F1C149A23F0BAA500F5A319;
			remoteInfo = LuLouiseHW3;
		};
		3F1C14BD23F0BAB400F5A319 /* PBXContainerItemProxy */ = {
			isa = PBXContainerItemProxy;
			containerPortal = 3F1C149323F0BAA500F5A319 /* Project object */;
			proxyType = 1;
			remoteGlobalIDString = 3F1C149A23F0BAA500F5A319;
			remoteInfo = LuLouiseHW3;
		};
/* End PBXContainerItemProxy section */

/* Begin PBXFileReference section */
		3F1C149B23F0BAA500F5A319 /* Choose.app */ = {isa = PBXFileReference; explicitFileType = wrapper.application; includeInIndex = 0; path = Choose.app; sourceTree = BUILT_PRODUCTS_DIR; };
		3F1C149E23F0BAA500F5A319 /* AppDelegate.swift */ = {isa = PBXFileReference; lastKnownFileType = sourcecode.swift; path = AppDelegate.swift; sourceTree = "<group>"; };
		3F1C14A023F0BAA500F5A319 /* SceneDelegate.swift */ = {isa = PBXFileReference; lastKnownFileType = sourcecode.swift; path = SceneDelegate.swift; sourceTree = "<group>"; };
		3F1C14A223F0BAA500F5A319 /* ViewController.swift */ = {isa = PBXFileReference; lastKnownFileType = sourcecode.swift; path = ViewController.swift; sourceTree = "<group>"; };
		3F1C14A523F0BAA500F5A319 /* Base */ = {isa = PBXFileReference; lastKnownFileType = file.storyboard; name = Base; path = Base.lproj/Main.storyboard; sourceTree = "<group>"; };
		3F1C14A723F0BAB300F5A319 /* Assets.xcassets */ = {isa = PBXFileReference; lastKnownFileType = folder.assetcatalog; path = Assets.xcassets; sourceTree = "<group>"; };
		3F1C14AA23F0BAB300F5A319 /* Base */ = {isa = PBXFileReference; lastKnownFileType = file.storyboard; name = Base; path = Base.lproj/LaunchScreen.storyboard; sourceTree = "<group>"; };
		3F1C14AC23F0BAB300F5A319 /* Info.plist */ = {isa = PBXFileReference; lastKnownFileType = text.plist.xml; path = Info.plist; sourceTree = "<group>"; };
		3F1C14B123F0BAB400F5A319 /* LuLouiseHW3Tests.xctest */ = {isa = PBXFileReference; explicitFileType = wrapper.cfbundle; includeInIndex = 0; path = LuLouiseHW3Tests.xctest; sourceTree = BUILT_PRODUCTS_DIR; };
		3F1C14B523F0BAB400F5A319 /* LuLouiseHW3Tests.swift */ = {isa = PBXFileReference; lastKnownFileType = sourcecode.swift; path = LuLouiseHW3Tests.swift; sourceTree = "<group>"; };
		3F1C14B723F0BAB400F5A319 /* Info.plist */ = {isa = PBXFileReference; lastKnownFileType = text.plist.xml; path = Info.plist; sourceTree = "<group>"; };
		3F1C14BC23F0BAB400F5A319 /* LuLouiseHW3UITests.xctest */ = {isa = PBXFileReference; explicitFileType = wrapper.cfbundle; includeInIndex = 0; path = LuLouiseHW3UITests.xctest; sourceTree = BUILT_PRODUCTS_DIR; };
		3F1C14C023F0BAB400F5A319 /* LuLouiseHW3UITests.swift */ = {isa = PBXFileReference; lastKnownFileType = sourcecode.swift; path = LuLouiseHW3UITests.swift; sourceTree = "<group>"; };
		3F1C14C223F0BAB400F5A319 /* Info.plist */ = {isa = PBXFileReference; lastKnownFileType = text.plist.xml; path = Info.plist; sourceTree = "<group>"; };
		3F1C14EE23F215B900F5A319 /* HW3AccessibilityIdentifiers.swift */ = {isa = PBXFileReference; fileEncoding = 4; lastKnownFileType = sourcecode.swift; name = HW3AccessibilityIdentifiers.swift; path = ../HW3AccessibilityIdentifiers.swift; sourceTree = "<group>"; };
		3F1C14F123F215C400F5A319 /* HW3SanityTest.swift */ = {isa = PBXFileReference; fileEncoding = 4; lastKnownFileType = sourcecode.swift; name = HW3SanityTest.swift; path = ../HW3SanityTest.swift; sourceTree = "<group>"; };
/* End PBXFileReference section */

/* Begin PBXFrameworksBuildPhase section */
		3F1C149823F0BAA500F5A319 /* Frameworks */ = {
			isa = PBXFrameworksBuildPhase;
			buildActionMask = 2147483647;
			files = (
			);
			runOnlyForDeploymentPostprocessing = 0;
		};
		3F1C14AE23F0BAB400F5A319 /* Frameworks */ = {
			isa = PBXFrameworksBuildPhase;
			buildActionMask = 2147483647;
			files = (
			);
			runOnlyForDeploymentPostprocessing = 0;
		};
		3F1C14B923F0BAB400F5A319 /* Frameworks */ = {
			isa = PBXFrameworksBuildPhase;
			buildActionMask = 2147483647;
			files = (
			);
			runOnlyForDeploymentPostprocessing = 0;
		};
/* End PBXFrameworksBuildPhase section */

/* Begin PBXGroup section */
		3F1C149223F0BAA500F5A319 = {
			isa = PBXGroup;
			children = (
				3F1C149D23F0BAA500F5A319 /* LuLouiseHW3 */,
				3F1C14B423F0BAB400F5A319 /* LuLouiseHW3Tests */,
				3F1C14BF23F0BAB400F5A319 /* LuLouiseHW3UITests */,
				3F1C149C23F0BAA500F5A319 /* Products */,
			);
			sourceTree = "<group>";
		};
		3F1C149C23F0BAA500F5A319 /* Products */ = {
			isa = PBXGroup;
			children = (
				3F1C149B23F0BAA500F5A319 /* Choose.app */,
				3F1C14B123F0BAB400F5A319 /* LuLouiseHW3Tests.xctest */,
				3F1C14BC23F0BAB400F5A319 /* LuLouiseHW3UITests.xctest */,
			);
			name = Products;
			sourceTree = "<group>";
		};
		3F1C149D23F0BAA500F5A319 /* LuLouiseHW3 */ = {
			isa = PBXGroup;
			children = (
				3F1C149E23F0BAA500F5A319 /* AppDelegate.swift */,
				3F1C14A023F0BAA500F5A319 /* SceneDelegate.swift */,
				3F1C14A223F0BAA500F5A319 /* ViewController.swift */,
				3F1C14A423F0BAA500F5A319 /* Main.storyboard */,
				3F1C14A723F0BAB300F5A319 /* Assets.xcassets */,
				3F1C14A923F0BAB300F5A319 /* LaunchScreen.storyboard */,
				3F1C14AC23F0BAB300F5A319 /* Info.plist */,
				3F1C14EE23F215B900F5A319 /* HW3AccessibilityIdentifiers.swift */,
				3F1C14F123F215C400F5A319 /* HW3SanityTest.swift */,
			);
			path = LuLouiseHW3;
			sourceTree = "<group>";
		};
		3F1C14B423F0BAB400F5A319 /* LuLouiseHW3Tests */ = {
			isa = PBXGroup;
			children = (
				3F1C14B523F0BAB400F5A319 /* LuLouiseHW3Tests.swift */,
				3F1C14B723F0BAB400F5A319 /* Info.plist */,
			);
			path = LuLouiseHW3Tests;
			sourceTree = "<group>";
		};
		3F1C14BF23F0BAB400F5A319 /* LuLouiseHW3UITests */ = {
			isa = PBXGroup;
			children = (
				3F1C14C023F0BAB400F5A319 /* LuLouiseHW3UITests.swift */,
				3F1C14C223F0BAB400F5A319 /* Info.plist */,
			);
			path = LuLouiseHW3UITests;
			sourceTree = "<group>";
		};
/* End PBXGroup section */

/* Begin PBXNativeTarget section */
		3F1C149A23F0BAA500F5A319 /* LuLouiseHW3 */ = {
			isa = PBXNativeTarget;
			buildConfigurationList = 3F1C14C523F0BAB400F5A319 /* Build configuration list for PBXNativeTarget "LuLouiseHW3" */;
			buildPhases = (
				3F1C149723F0BAA500F5A319 /* Sources */,
				3F1C149823F0BAA500F5A319 /* Frameworks */,
				3F1C149923F0BAA500F5A319 /* Resources */,
			);
			buildRules = (
			);
			dependencies = (
			);
			name = LuLouiseHW3;
			productName = LuLouiseHW3;
			productReference = 3F1C149B23F0BAA500F5A319 /* Choose.app */;
			productType = "com.apple.product-type.application";
		};
		3F1C14B023F0BAB400F5A319 /* LuLouiseHW3Tests */ = {
			isa = PBXNativeTarget;
			buildConfigurationList = 3F1C14C823F0BAB400F5A319 /* Build configuration list for PBXNativeTarget "LuLouiseHW3Tests" */;
			buildPhases = (
				3F1C14AD23F0BAB400F5A319 /* Sources */,
				3F1C14AE23F0BAB400F5A319 /* Frameworks */,
				3F1C14AF23F0BAB400F5A319 /* Resources */,
			);
			buildRules = (
			);
			dependencies = (
				3F1C14B323F0BAB400F5A319 /* PBXTargetDependency */,
			);
			name = LuLouiseHW3Tests;
			productName = LuLouiseHW3Tests;
			productReference = 3F1C14B123F0BAB400F5A319 /* LuLouiseHW3Tests.xctest */;
			productType = "com.apple.product-type.bundle.unit-test";
		};
		3F1C14BB23F0BAB400F5A319 /* LuLouiseHW3UITests */ = {
			isa = PBXNativeTarget;
			buildConfigurationList = 3F1C14CB23F0BAB400F5A319 /* Build configuration list for PBXNativeTarget "LuLouiseHW3UITests" */;
			buildPhases = (
				3F1C14B823F0BAB400F5A319 /* Sources */,
				3F1C14B923F0BAB400F5A319 /* Frameworks */,
				3F1C14BA23F0BAB400F5A319 /* Resources */,
			);
			buildRules = (
			);
			dependencies = (
				3F1C14BE23F0BAB400F5A319 /* PBXTargetDependency */,
			);
			name = LuLouiseHW3UITests;
			productName = LuLouiseHW3UITests;
			productReference = 3F1C14BC23F0BAB400F5A319 /* LuLouiseHW3UITests.xctest */;
			productType = "com.apple.product-type.bundle.ui-testing";
		};
/* End PBXNativeTarget section */

/* Begin PBXProject section */
		3F1C149323F0BAA500F5A319 /* Project object */ = {
			isa = PBXProject;
			attributes = {
				LastSwiftUpdateCheck = 1130;
				LastUpgradeCheck = 1130;
				ORGANIZATIONNAME = "Louise Lu";
				TargetAttributes = {
					3F1C149A23F0BAA500F5A319 = {
						CreatedOnToolsVersion = 11.3;
					};
					3F1C14B023F0BAB400F5A319 = {
						CreatedOnToolsVersion = 11.3;
						TestTargetID = 3F1C149A23F0BAA500F5A319;
					};
					3F1C14BB23F0BAB400F5A319 = {
						CreatedOnToolsVersion = 11.3;
						TestTargetID = 3F1C149A23F0BAA500F5A319;
					};
				};
			};
			buildConfigurationList = 3F1C149623F0BAA500F5A319 /* Build configuration list for PBXProject "LuLouiseHW3" */;
			compatibilityVersion = "Xcode 9.3";
			developmentRegion = en;
			hasScannedForEncodings = 0;
			knownRegions = (
				en,
				Base,
			);
			mainGroup = 3F1C149223F0BAA500F5A319;
			productRefGroup = 3F1C149C23F0BAA500F5A319 /* Products */;
			projectDirPath = "";
			projectRoot = "";
			targets = (
				3F1C149A23F0BAA500F5A319 /* LuLouiseHW3 */,
				3F1C14B023F0BAB400F5A319 /* LuLouiseHW3Tests */,
				3F1C14BB23F0BAB400F5A319 /* LuLouiseHW3UITests */,
			);
		};
/* End PBXProject section */

/* Begin PBXResourcesBuildPhase section */
		3F1C149923F0BAA500F5A319 /* Resources */ = {
			isa = PBXResourcesBuildPhase;
			buildActionMask = 2147483647;
			files = (
				3F1C14AB23F0BAB300F5A319 /* LaunchScreen.storyboard in Resources */,
				3F1C14A823F0BAB300F5A319 /* Assets.xcassets in Resources */,
				3F1C14A623F0BAA500F5A319 /* Main.storyboard in Resources */,
			);
			runOnlyForDeploymentPostprocessing = 0;
		};
		3F1C14AF23F0BAB400F5A319 /* Resources */ = {
			isa = PBXResourcesBuildPhase;
			buildActionMask = 2147483647;
			files = (
			);
			runOnlyForDeploymentPostprocessing = 0;
		};
		3F1C14BA23F0BAB400F5A319 /* Resources */ = {
			isa = PBXResourcesBuildPhase;
			buildActionMask = 2147483647;
			files = (
			);
			runOnlyForDeploymentPostprocessing = 0;
		};
/* End PBXResourcesBuildPhase section */

/* Begin PBXSourcesBuildPhase section */
		3F1C149723F0BAA500F5A319 /* Sources */ = {
			isa = PBXSourcesBuildPhase;
			buildActionMask = 2147483647;
			files = (
				3F1C14EF23F215B900F5A319 /* HW3AccessibilityIdentifiers.swift in Sources */,
				3F1C14A323F0BAA500F5A319 /* ViewController.swift in Sources */,
				3F1C149F23F0BAA500F5A319 /* AppDelegate.swift in Sources */,
				3F1C14A123F0BAA500F5A319 /* SceneDelegate.swift in Sources */,
			);
			runOnlyForDeploymentPostprocessing = 0;
		};
		3F1C14AD23F0BAB400F5A319 /* Sources */ = {
			isa = PBXSourcesBuildPhase;
			buildActionMask = 2147483647;
			files = (
				3F1C14F723F21CE400F5A319 /* LuLouiseHW3Tests.swift in Sources */,
			);
			runOnlyForDeploymentPostprocessing = 0;
		};
		3F1C14B823F0BAB400F5A319 /* Sources */ = {
			isa = PBXSourcesBuildPhase;
			buildActionMask = 2147483647;
			files = (
				3F1C14F023F215B900F5A319 /* HW3AccessibilityIdentifiers.swift in Sources */,
				3F1C14C123F0BAB400F5A319 /* LuLouiseHW3UITests.swift in Sources */,
				3F1C14F223F215C400F5A319 /* HW3SanityTest.swift in Sources */,
			);
			runOnlyForDeploymentPostprocessing = 0;
		};
/* End PBXSourcesBuildPhase section */

/* Begin PBXTargetDependency section */
		3F1C14B323F0BAB400F5A319 /* PBXTargetDependency */ = {
			isa = PBXTargetDependency;
			target = 3F1C149A23F0BAA500F5A319 /* LuLouiseHW3 */;
			targetProxy = 3F1C14B223F0BAB400F5A319 /* PBXContainerItemProxy */;
		};
		3F1C14BE23F0BAB400F5A319 /* PBXTargetDependency */ = {
			isa = PBXTargetDependency;
			target = 3F1C149A23F0BAA500F5A319 /* LuLouiseHW3 */;
			targetProxy = 3F1C14BD23F0BAB400F5A319 /* PBXContainerItemProxy */;
		};
/* End PBXTargetDependency section */

/* Begin PBXVariantGroup section */
		3F1C14A423F0BAA500F5A319 /* Main.storyboard */ = {
			isa = PBXVariantGroup;
			children = (
				3F1C14A523F0BAA500F5A319 /* Base */,
			);
			name = Main.storyboard;
			sourceTree = "<group>";
		};
		3F1C14A923F0BAB300F5A319 /* LaunchScreen.storyboard */ = {
			isa = PBXVariantGroup;
			children = (
				3F1C14AA23F0BAB300F5A319 /* Base */,
			);
			name = LaunchScreen.storyboard;
			sourceTree = "<group>";
		};
/* End PBXVariantGroup section */

/* Begin XCBuildConfiguration section */
		3F1C14C323F0BAB400F5A319 /* Debug */ = {
			isa = XCBuildConfiguration;
			buildSettings = {
				ALWAYS_SEARCH_USER_PATHS = NO;
				CLANG_ANALYZER_NONNULL = YES;
				CLANG_ANALYZER_NUMBER_OBJECT_CONVERSION = YES_AGGRESSIVE;
				CLANG_CXX_LANGUAGE_STANDARD = "gnu++14";
				CLANG_CXX_LIBRARY = "libc++";
				CLANG_ENABLE_MODULES = YES;
				CLANG_ENABLE_OBJC_ARC = YES;
				CLANG_ENABLE_OBJC_WEAK = YES;
				CLANG_WARN_BLOCK_CAPTURE_AUTORELEASING = YES;
				CLANG_WARN_BOOL_CONVERSION = YES;
				CLANG_WARN_COMMA = YES;
				CLANG_WARN_CONSTANT_CONVERSION = YES;
				CLANG_WARN_DEPRECATED_OBJC_IMPLEMENTATIONS = YES;
				CLANG_WARN_DIRECT_OBJC_ISA_USAGE = YES_ERROR;
				CLANG_WARN_DOCUMENTATION_COMMENTS = YES;
				CLANG_WARN_EMPTY_BODY = YES;
				CLANG_WARN_ENUM_CONVERSION = YES;
				CLANG_WARN_INFINITE_RECURSION = YES;
				CLANG_WARN_INT_CONVERSION = YES;
				CLANG_WARN_NON_LITERAL_NULL_CONVERSION = YES;
				CLANG_WARN_OBJC_IMPLICIT_RETAIN_SELF = YES;
				CLANG_WARN_OBJC_LITERAL_CONVERSION = YES;
				CLANG_WARN_OBJC_ROOT_CLASS = YES_ERROR;
				CLANG_WARN_RANGE_LOOP_ANALYSIS = YES;
				CLANG_WARN_STRICT_PROTOTYPES = YES;
				CLANG_WARN_SUSPICIOUS_MOVE = YES;
				CLANG_WARN_UNGUARDED_AVAILABILITY = YES_AGGRESSIVE;
				CLANG_WARN_UNREACHABLE_CODE = YES;
				CLANG_WARN__DUPLICATE_METHOD_MATCH = YES;
				COPY_PHASE_STRIP = NO;
				DEBUG_INFORMATION_FORMAT = dwarf;
				ENABLE_STRICT_OBJC_MSGSEND = YES;
				ENABLE_TESTABILITY = YES;
				GCC_C_LANGUAGE_STANDARD = gnu11;
				GCC_DYNAMIC_NO_PIC = NO;
				GCC_NO_COMMON_BLOCKS = YES;
				GCC_OPTIMIZATION_LEVEL = 0;
				GCC_PREPROCESSOR_DEFINITIONS = (
					"DEBUG=1",
					"$(inherited)",
				);
				GCC_WARN_64_TO_32_BIT_CONVERSION = YES;
				GCC_WARN_ABOUT_RETURN_TYPE = YES_ERROR;
				GCC_WARN_UNDECLARED_SELECTOR = YES;
				GCC_WARN_UNINITIALIZED_AUTOS = YES_AGGRESSIVE;
				GCC_WARN_UNUSED_FUNCTION = YES;
				GCC_WARN_UNUSED_VARIABLE = YES;
				IPHONEOS_DEPLOYMENT_TARGET = 13.2;
				MTL_ENABLE_DEBUG_INFO = INCLUDE_SOURCE;
				MTL_FAST_MATH = YES;
				ONLY_ACTIVE_ARCH = YES;
				SDKROOT = iphoneos;
				SWIFT_ACTIVE_COMPILATION_CONDITIONS = DEBUG;
				SWIFT_OPTIMIZATION_LEVEL = "-Onone";
			};
			name = Debug;
		};
		3F1C14C423F0BAB400F5A319 /* Release */ = {
			isa = XCBuildConfiguration;
			buildSettings = {
				ALWAYS_SEARCH_USER_PATHS = NO;
				CLANG_ANALYZER_NONNULL = YES;
				CLANG_ANALYZER_NUMBER_OBJECT_CONVERSION = YES_AGGRESSIVE;
				CLANG_CXX_LANGUAGE_STANDARD = "gnu++14";
				CLANG_CXX_LIBRARY = "libc++";
				CLANG_ENABLE_MODULES = YES;
				CLANG_ENABLE_OBJC_ARC = YES;
				CLANG_ENABLE_OBJC_WEAK = YES;
				CLANG_WARN_BLOCK_CAPTURE_AUTORELEASING = YES;
				CLANG_WARN_BOOL_CONVERSION = YES;
				CLANG_WARN_COMMA = YES;
				CLANG_WARN_CONSTANT_CONVERSION = YES;
				CLANG_WARN_DEPRECATED_OBJC_IMPLEMENTATIONS = YES;
				CLANG_WARN_DIRECT_OBJC_ISA_USAGE = YES_ERROR;
				CLANG_WARN_DOCUMENTATION_COMMENTS = YES;
				CLANG_WARN_EMPTY_BODY = YES;
				CLANG_WARN_ENUM_CONVERSION = YES;
				CLANG_WARN_INFINITE_RECURSION = YES;
				CLANG_WARN_INT_CONVERSION = YES;
				CLANG_WARN_NON_LITERAL_NULL_CONVERSION = YES;
				CLANG_WARN_OBJC_IMPLICIT_RETAIN_SELF = YES;
				CLANG_WARN_OBJC_LITERAL_CONVERSION = YES;
				CLANG_WARN_OBJC_ROOT_CLASS = YES_ERROR;
				CLANG_WARN_RANGE_LOOP_ANALYSIS = YES;
				CLANG_WARN_STRICT_PROTOTYPES = YES;
				CLANG_WARN_SUSPICIOUS_MOVE = YES;
				CLANG_WARN_UNGUARDED_AVAILABILITY = YES_AGGRESSIVE;
				CLANG_WARN_UNREACHABLE_CODE = YES;
				CLANG_WARN__DUPLICATE_METHOD_MATCH = YES;
				COPY_PHASE_STRIP = NO;
				DEBUG_INFORMATION_FORMAT = "dwarf-with-dsym";
				ENABLE_NS_ASSERTIONS = NO;
				ENABLE_STRICT_OBJC_MSGSEND = YES;
				GCC_C_LANGUAGE_STANDARD = gnu11;
				GCC_NO_COMMON_BLOCKS = YES;
				GCC_WARN_64_TO_32_BIT_CONVERSION = YES;
				GCC_WARN_ABOUT_RETURN_TYPE = YES_ERROR;
				GCC_WARN_UNDECLARED_SELECTOR = YES;
				GCC_WARN_UNINITIALIZED_AUTOS = YES_AGGRESSIVE;
				GCC_WARN_UNUSED_FUNCTION = YES;
				GCC_WARN_UNUSED_VARIABLE = YES;
				IPHONEOS_DEPLOYMENT_TARGET = 13.2;
				MTL_ENABLE_DEBUG_INFO = NO;
				MTL_FAST_MATH = YES;
				SDKROOT = iphoneos;
				SWIFT_COMPILATION_MODE = wholemodule;
				SWIFT_OPTIMIZATION_LEVEL = "-O";
				VALIDATE_PRODUCT = YES;
			};
			name = Release;
		};
		3F1C14C623F0BAB400F5A319 /* Debug */ = {
			isa = XCBuildConfiguration;
			buildSettings = {
				ASSETCATALOG_COMPILER_APPICON_NAME = AppIcon;
				CODE_SIGN_STYLE = Automatic;
				INFOPLIST_FILE = LuLouiseHW3/Info.plist;
				LD_RUNPATH_SEARCH_PATHS = (
					"$(inherited)",
					"@executable_path/Frameworks",
				);
				PRODUCT_BUNDLE_IDENTIFIER = edu.usc.yuzhilu.LuLouiseHW3;
				PRODUCT_NAME = Choose;
				SWIFT_VERSION = 5.0;
				TARGETED_DEVICE_FAMILY = "1,2";
			};
			name = Debug;
		};
		3F1C14C723F0BAB400F5A319 /* Release */ = {
			isa = XCBuildConfiguration;
			buildSettings = {
				ASSETCATALOG_COMPILER_APPICON_NAME = AppIcon;
				CODE_SIGN_STYLE = Automatic;
				INFOPLIST_FILE = LuLouiseHW3/Info.plist;
				LD_RUNPATH_SEARCH_PATHS = (
					"$(inherited)",
					"@executable_path/Frameworks",
				);
				PRODUCT_BUNDLE_IDENTIFIER = edu.usc.yuzhilu.LuLouiseHW3;
				PRODUCT_NAME = Choose;
				SWIFT_VERSION = 5.0;
				TARGETED_DEVICE_FAMILY = "1,2";
			};
			name = Release;
		};
		3F1C14C923F0BAB400F5A319 /* Debug */ = {
			isa = XCBuildConfiguration;
			buildSettings = {
				ALWAYS_EMBED_SWIFT_STANDARD_LIBRARIES = YES;
				BUNDLE_LOADER = "$(TEST_HOST)";
				CODE_SIGN_STYLE = Automatic;
				INFOPLIST_FILE = LuLouiseHW3Tests/Info.plist;
				IPHONEOS_DEPLOYMENT_TARGET = 13.2;
				LD_RUNPATH_SEARCH_PATHS = (
					"$(inherited)",
					"@executable_path/Frameworks",
					"@loader_path/Frameworks",
				);
				PRODUCT_BUNDLE_IDENTIFIER = edu.usc.yuzhilu.LuLouiseHW3Tests;
				PRODUCT_NAME = "$(TARGET_NAME)";
				SWIFT_VERSION = 5.0;
				TARGETED_DEVICE_FAMILY = "1,2";
				TEST_HOST = "$(BUILT_PRODUCTS_DIR)/Choose.app/Choose";
			};
			name = Debug;
		};
		3F1C14CA23F0BAB400F5A319 /* Release */ = {
			isa = XCBuildConfiguration;
			buildSettings = {
				ALWAYS_EMBED_SWIFT_STANDARD_LIBRARIES = YES;
				BUNDLE_LOADER = "$(TEST_HOST)";
				CODE_SIGN_STYLE = Automatic;
				INFOPLIST_FILE = LuLouiseHW3Tests/Info.plist;
				IPHONEOS_DEPLOYMENT_TARGET = 13.2;
				LD_RUNPATH_SEARCH_PATHS = (
					"$(inherited)",
					"@executable_path/Frameworks",
					"@loader_path/Frameworks",
				);
				PRODUCT_BUNDLE_IDENTIFIER = edu.usc.yuzhilu.LuLouiseHW3Tests;
				PRODUCT_NAME = "$(TARGET_NAME)";
				SWIFT_VERSION = 5.0;
				TARGETED_DEVICE_FAMILY = "1,2";
				TEST_HOST = "$(BUILT_PRODUCTS_DIR)/Choose.app/Choose";
			};
			name = Release;
		};
		3F1C14CC23F0BAB400F5A319 /* Debug */ = {
			isa = XCBuildConfiguration;
			buildSettings = {
				ALWAYS_EMBED_SWIFT_STANDARD_LIBRARIES = YES;
				CODE_SIGN_STYLE = Automatic;
				INFOPLIST_FILE = LuLouiseHW3UITests/Info.plist;
				LD_RUNPATH_SEARCH_PATHS = (
					"$(inherited)",
					"@executable_path/Frameworks",
					"@loader_path/Frameworks",
				);
				PRODUCT_BUNDLE_IDENTIFIER = edu.usc.yuzhilu.LuLouiseHW3UITests;
				PRODUCT_NAME = "$(TARGET_NAME)";
				SWIFT_VERSION = 5.0;
				TARGETED_DEVICE_FAMILY = "1,2";
				TEST_TARGET_NAME = LuLouiseHW3;
			};
			name = Debug;
		};
		3F1C14CD23F0BAB400F5A319 /* Release */ = {
			isa = XCBuildConfiguration;
			buildSettings = {
				ALWAYS_EMBED_SWIFT_STANDARD_LIBRARIES = YES;
				CODE_SIGN_STYLE = Automatic;
				INFOPLIST_FILE = LuLouiseHW3UITests/Info.plist;
				LD_RUNPATH_SEARCH_PATHS = (
					"$(inherited)",
					"@executable_path/Frameworks",
					"@loader_path/Frameworks",
				);
				PRODUCT_BUNDLE_IDENTIFIER = edu.usc.yuzhilu.LuLouiseHW3UITests;
				PRODUCT_NAME = "$(TARGET_NAME)";
				SWIFT_VERSION = 5.0;
				TARGETED_DEVICE_FAMILY = "1,2";
				TEST_TARGET_NAME = LuLouiseHW3;
			};
			name = Release;
		};
/* End XCBuildConfiguration section */

/* Begin XCConfigurationList section */
		3F1C149623F0BAA500F5A319 /* Build configuration list for PBXProject "LuLouiseHW3" */ = {
			isa = XCConfigurationList;
			buildConfigurations = (
				3F1C14C323F0BAB400F5A319 /* Debug */,
				3F1C14C423F0BAB400F5A319 /* Release */,
			);
			defaultConfigurationIsVisible = 0;
			defaultConfigurationName = Release;
		};
		3F1C14C523F0BAB400F5A319 /* Build configuration list for PBXNativeTarget "LuLouiseHW3" */ = {
			isa = XCConfigurationList;
			buildConfigurations = (
				3F1C14C623F0BAB400F5A319 /* Debug */,
				3F1C14C723F0BAB400F5A319 /* Release */,
			);
			defaultConfigurationIsVisible = 0;
			defaultConfigurationName = Release;
		};
		3F1C14C823F0BAB400F5A319 /* Build configuration list for PBXNativeTarget "LuLouiseHW3Tests" */ = {
			isa = XCConfigurationList;
			buildConfigurations = (
				3F1C14C923F0BAB400F5A319 /* Debug */,
				3F1C14CA23F0BAB400F5A319 /* Release */,
			);
			defaultConfigurationIsVisible = 0;
			defaultConfigurationName = Release;
		};
		3F1C14CB23F0BAB400F5A319 /* Build configuration list for PBXNativeTarget "LuLouiseHW3UITests" */ = {
			isa = XCConfigurationList;
			buildConfigurations = (
				3F1C14CC23F0BAB400F5A319 /* Debug */,
				3F1C14CD23F0BAB400F5A319 /* Release */,
			);
			defaultConfigurationIsVisible = 0;
			defaultConfigurationName = Release;
		};
/* End XCConfigurationList section */
	};
	rootObject = 3F1C149323F0BAA500F5A319 /* Project object */;
}
